
Microsoft Visual Studio Solution File, Format Version 12.00
# Visual Studio Version 17
VisualStudioVersion = 17.10.34902.84
MinimumVisualStudioVersion = 10.0.40219.1
Project("{FAE04EC0-301F-11D3-BF4B-00C04F79EFBC}") = "CrystalReportT1", "CrystalReportT1\CrystalReportT1.csproj", "{E5F772AD-EF2C-47C3-BADC-35520721B5E7}"
EndProject
Global
	GlobalSection(SolutionConfigurationPlatforms) = preSolution
		Debug|Any CPU = Debug|Any CPU
		Release|Any CPU = Release|Any CPU
	EndGlobalSection
	GlobalSection(ProjectConfigurationPlatforms) = postSolution
		{E5F772AD-EF2C-47C3-BADC-35520721B5E7}.Debug|Any CPU.ActiveCfg = Debug|Any CPU
		{E5F772AD-EF2C-47C3-BADC-35520721B5E7}.Debug|Any CPU.Build.0 = Debug|Any CPU
		{E5F772AD-EF2C-47C3-BADC-35520721B5E7}.Release|Any CPU.ActiveCfg = Release|Any CPU
		{E5F772AD-EF2C-47C3-BADC-35520721B5E7}.Release|Any CPU.Build.0 = Release|Any CPU
	EndGlobalSection
	GlobalSection(SolutionProperties) = preSolution
		HideSolutionNode = FALSE
	EndGlobalSection
	GlobalSection(ExtensibilityGlobals) = postSolution
		SolutionGuid = {88E78A4E-9449-422A-8AA6-910BF21BC7CA}
	EndGlobalSection
EndGlobal
